// !$*UTF8*$!
{
	archiveVersion = 1;
	classes = {
	};
	objectVersion = 77;
	objects = {

/* Begin PBXBuildFile section */
		2C73B8942DB3A31B0072F7FB /* HIDDriverKit.framework in Frameworks */ = {isa = PBXBuildFile; fileRef = 2C73B8932DB3A31B0072F7FB /* HIDDriverKit.framework */; };
		2C76B6DA2DC3D21D00BB6B7F /* GameController.framework in Frameworks */ = {isa = PBXBuildFile; fileRef = 2C76B6D92DC3D21D00BB6B7F /* GameController.framework */; };
		2C76B6DF2DC8501200BB6B7F /* MultipeerConnectivity.framework in Frameworks */ = {isa = PBXBuildFile; fileRef = 2C76B6DE2DC8501200BB6B7F /* MultipeerConnectivity.framework */; };
		2C76B6E92DC89A4800BB6B7F /* MultipeerConnectivity.framework in Frameworks */ = {isa = PBXBuildFile; fileRef = 2C76B6E82DC89A4800BB6B7F /* MultipeerConnectivity.framework */; };
		2C864D802DAD64B000BA70BE /* DriverKit.framework in Frameworks */ = {isa = PBXBuildFile; fileRef = 2C864D7F2DAD64B000BA70BE /* DriverKit.framework */; };
		2C864D892DAD64B000BA70BE /* com.sillyutility.VirtualController.VirtualControllerDriver.dext in Embed System Extensions */ = {isa = PBXBuildFile; fileRef = 2C864D7D2DAD64B000BA70BE /* com.sillyutility.VirtualController.VirtualControllerDriver.dext */; settings = {ATTRIBUTES = (RemoveHeadersOnCopy, ); }; };
/* End PBXBuildFile section */

/* Begin PBXContainerItemProxy section */
		2C864D872DAD64B000BA70BE /* PBXContainerItemProxy */ = {
			isa = PBXContainerItemProxy;
			containerPortal = 2C864D1E2DAD5D6C00BA70BE /* Project object */;
			proxyType = 1;
			remoteGlobalIDString = 2C864D7C2DAD64B000BA70BE;
			remoteInfo = VirtualControllerDriver;
		};
/* End PBXContainerItemProxy section */

/* Begin PBXCopyFilesBuildPhase section */
		2C864D472DAD5E4400BA70BE /* CopyFiles */ = {
			isa = PBXCopyFilesBuildPhase;
			buildActionMask = 2147483647;
			dstPath = /usr/share/man/man1/;
			dstSubfolderSpec = 0;
			files = (
			);
			runOnlyForDeploymentPostprocessing = 1;
		};
		2C864D8E2DAD64B000BA70BE /* Embed System Extensions */ = {
			isa = PBXCopyFilesBuildPhase;
			buildActionMask = 2147483647;
			dstPath = "$(SYSTEM_EXTENSIONS_FOLDER_PATH)";
			dstSubfolderSpec = 16;
			files = (
				2C864D892DAD64B000BA70BE /* com.sillyutility.VirtualController.VirtualControllerDriver.dext in Embed System Extensions */,
			);
			name = "Embed System Extensions";
			runOnlyForDeploymentPostprocessing = 0;
		};
/* End PBXCopyFilesBuildPhase section */

/* Begin PBXFileReference section */
		2C73B8932DB3A31B0072F7FB /* HIDDriverKit.framework */ = {isa = PBXFileReference; lastKnownFileType = wrapper.framework; name = HIDDriverKit.framework; path = Platforms/DriverKit.platform/Developer/SDKs/DriverKit24.2.sdk/System/DriverKit/System/Library/Frameworks/HIDDriverKit.framework; sourceTree = DEVELOPER_DIR; };
		2C76B6D92DC3D21D00BB6B7F /* GameController.framework */ = {isa = PBXFileReference; lastKnownFileType = wrapper.framework; name = GameController.framework; path = System/Library/Frameworks/GameController.framework; sourceTree = SDKROOT; };
		2C76B6DE2DC8501200BB6B7F /* MultipeerConnectivity.framework */ = {isa = PBXFileReference; lastKnownFileType = wrapper.framework; name = MultipeerConnectivity.framework; path = System/Library/Frameworks/MultipeerConnectivity.framework; sourceTree = SDKROOT; };
		2C76B6E82DC89A4800BB6B7F /* MultipeerConnectivity.framework */ = {isa = PBXFileReference; lastKnownFileType = wrapper.framework; name = MultipeerConnectivity.framework; path = Platforms/iPhoneOS.platform/Developer/SDKs/iPhoneOS18.2.sdk/System/Library/Frameworks/MultipeerConnectivity.framework; sourceTree = DEVELOPER_DIR; };
		2C864D2C2DAD5D6E00BA70BE /* VirtualController.app */ = {isa = PBXFileReference; explicitFileType = wrapper.application; includeInIndex = 0; path = VirtualController.app; sourceTree = BUILT_PRODUCTS_DIR; };
		2C864D492DAD5E4400BA70BE /* virtualcontrollerctl */ = {isa = PBXFileReference; explicitFileType = "compiled.mach-o.executable"; includeInIndex = 0; path = virtualcontrollerctl; sourceTree = BUILT_PRODUCTS_DIR; };
		2C864D542DAD5EE700BA70BE /* ControllerApp.app */ = {isa = PBXFileReference; explicitFileType = wrapper.application; includeInIndex = 0; path = ControllerApp.app; sourceTree = BUILT_PRODUCTS_DIR; };
		2C864D742DAD5F4400BA70BE /* virtualcontrolleragent.bundle */ = {isa = PBXFileReference; explicitFileType = wrapper.cfbundle; includeInIndex = 0; path = virtualcontrolleragent.bundle; sourceTree = BUILT_PRODUCTS_DIR; };
		2C864D7D2DAD64B000BA70BE /* com.sillyutility.VirtualController.VirtualControllerDriver.dext */ = {isa = PBXFileReference; explicitFileType = "wrapper.driver-extension"; includeInIndex = 0; path = com.sillyutility.VirtualController.VirtualControllerDriver.dext; sourceTree = BUILT_PRODUCTS_DIR; };
		2C864D7F2DAD64B000BA70BE /* DriverKit.framework */ = {isa = PBXFileReference; lastKnownFileType = wrapper.framework; name = DriverKit.framework; path = System/Library/Frameworks/DriverKit.framework; sourceTree = SDKROOT; };
/* End PBXFileReference section */

/* Begin PBXFileSystemSynchronizedBuildFileExceptionSet section */
		2C76B6DD2DC3DEFB00BB6B7F /* Exceptions for "VirtualController_macOS" folder in "VirtualController_macOS" target */ = {
			isa = PBXFileSystemSynchronizedBuildFileExceptionSet;
			membershipExceptions = (
				Info.plist,
			);
			target = 2C864D2B2DAD5D6E00BA70BE /* VirtualController_macOS */;
		};
		2C76B6ED2DC8A73100BB6B7F /* Exceptions for "ControllerApp" folder in "ControllerApp" target */ = {
			isa = PBXFileSystemSynchronizedBuildFileExceptionSet;
			membershipExceptions = (
				Info.plist,
			);
			target = 2C864D532DAD5EE700BA70BE /* ControllerApp */;
		};
		2C864D3F2DAD5D6E00BA70BE /* Exceptions for "VirtualControllerShared" folder in "VirtualController_macOS" target */ = {
			isa = PBXFileSystemSynchronizedBuildFileExceptionSet;
			membershipExceptions = (
				9ES.sks,
				Actions.sks,
				Assets.xcassets,
				Controllers.xcassets,
				DriverInstallationController.swift,
				DriverIPC.c,
				DriverIPCController.m,
				GameScene.m,
				GameScene.sks,
				"NSObject+PeerID.m",
				"retro-pixel-arcade.ttf",
				SLYButton.m,
				SLYController_9ES.m,
				SLYController.m,
			);
			target = 2C864D2B2DAD5D6E00BA70BE /* VirtualController_macOS */;
		};
		2C864D8D2DAD64B000BA70BE /* Exceptions for "VirtualControllerDriver" folder in "VirtualControllerDriver" target */ = {
			isa = PBXFileSystemSynchronizedBuildFileExceptionSet;
			membershipExceptions = (
				Info.plist,
			);
			target = 2C864D7C2DAD64B000BA70BE /* VirtualControllerDriver */;
		};
		2C8E46CB2DC2A822005B5381 /* Exceptions for "VirtualControllerShared" folder in "ControllerApp" target */ = {
			isa = PBXFileSystemSynchronizedBuildFileExceptionSet;
			membershipExceptions = (
				9ES.sks,
				Controllers.xcassets,
				"NSObject+PeerID.m",
				SLYButton.m,
				SLYController_9ES.m,
				SLYController.m,
			);
			target = 2C864D532DAD5EE700BA70BE /* ControllerApp */;
		};
/* End PBXFileSystemSynchronizedBuildFileExceptionSet section */

/* Begin PBXFileSystemSynchronizedRootGroup section */
		2C7620892DAE9D1C002FD60E /* Configs */ = {
			isa = PBXFileSystemSynchronizedRootGroup;
			path = Configs;
			sourceTree = "<group>";
		};
		2C864D222DAD5D6C00BA70BE /* VirtualControllerShared */ = {
			isa = PBXFileSystemSynchronizedRootGroup;
			exceptions = (
				2C864D3F2DAD5D6E00BA70BE /* Exceptions for "VirtualControllerShared" folder in "VirtualController_macOS" target */,
				2C8E46CB2DC2A822005B5381 /* Exceptions for "VirtualControllerShared" folder in "ControllerApp" target */,
			);
			path = VirtualControllerShared;
			sourceTree = "<group>";
		};
		2C864D2E2DAD5D6E00BA70BE /* VirtualController_macOS */ = {
			isa = PBXFileSystemSynchronizedRootGroup;
			exceptions = (
				2C76B6DD2DC3DEFB00BB6B7F /* Exceptions for "VirtualController_macOS" folder in "VirtualController_macOS" target */,
			);
			path = VirtualController_macOS;
			sourceTree = "<group>";
		};
		2C864D4A2DAD5E4400BA70BE /* virtualcontrollerctl */ = {
			isa = PBXFileSystemSynchronizedRootGroup;
			path = virtualcontrollerctl;
			sourceTree = "<group>";
		};
		2C864D552DAD5EE700BA70BE /* ControllerApp */ = {
			isa = PBXFileSystemSynchronizedRootGroup;
			exceptions = (
				2C76B6ED2DC8A73100BB6B7F /* Exceptions for "ControllerApp" folder in "ControllerApp" target */,
			);
			path = ControllerApp;
			sourceTree = "<group>";
		};
		2C864D812DAD64B000BA70BE /* VirtualControllerDriver */ = {
			isa = PBXFileSystemSynchronizedRootGroup;
			exceptions = (
				2C864D8D2DAD64B000BA70BE /* Exceptions for "VirtualControllerDriver" folder in "VirtualControllerDriver" target */,
			);
			path = VirtualControllerDriver;
			sourceTree = "<group>";
		};
/* End PBXFileSystemSynchronizedRootGroup section */

/* Begin PBXFrameworksBuildPhase section */
		2C864D292DAD5D6E00BA70BE /* Frameworks */ = {
			isa = PBXFrameworksBuildPhase;
			buildActionMask = 2147483647;
			files = (
				2C76B6DA2DC3D21D00BB6B7F /* GameController.framework in Frameworks */,
				2C76B6DF2DC8501200BB6B7F /* MultipeerConnectivity.framework in Frameworks */,
			);
			runOnlyForDeploymentPostprocessing = 0;
		};
		2C864D462DAD5E4400BA70BE /* Frameworks */ = {
			isa = PBXFrameworksBuildPhase;
			buildActionMask = 2147483647;
			files = (
			);
			runOnlyForDeploymentPostprocessing = 0;
		};
		2C864D512DAD5EE700BA70BE /* Frameworks */ = {
			isa = PBXFrameworksBuildPhase;
			buildActionMask = 2147483647;
			files = (
				2C76B6E92DC89A4800BB6B7F /* MultipeerConnectivity.framework in Frameworks */,
			);
			runOnlyForDeploymentPostprocessing = 0;
		};
		2C864D712DAD5F4400BA70BE /* Frameworks */ = {
			isa = PBXFrameworksBuildPhase;
			buildActionMask = 2147483647;
			files = (
			);
			runOnlyForDeploymentPostprocessing = 0;
		};
		2C864D7A2DAD64B000BA70BE /* Frameworks */ = {
			isa = PBXFrameworksBuildPhase;
			buildActionMask = 2147483647;
			files = (
				2C864D802DAD64B000BA70BE /* DriverKit.framework in Frameworks */,
				2C73B8942DB3A31B0072F7FB /* HIDDriverKit.framework in Frameworks */,
			);
			runOnlyForDeploymentPostprocessing = 0;
		};
/* End PBXFrameworksBuildPhase section */

/* Begin PBXGroup section */
		2C864D1D2DAD5D6C00BA70BE = {
			isa = PBXGroup;
			children = (
				2C7620892DAE9D1C002FD60E /* Configs */,
				2C864D222DAD5D6C00BA70BE /* VirtualControllerShared */,
				2C864D2E2DAD5D6E00BA70BE /* VirtualController_macOS */,
				2C864D4A2DAD5E4400BA70BE /* virtualcontrollerctl */,
				2C864D552DAD5EE700BA70BE /* ControllerApp */,
				2C864D812DAD64B000BA70BE /* VirtualControllerDriver */,
				2C864D7E2DAD64B000BA70BE /* Frameworks */,
				2C864D2D2DAD5D6E00BA70BE /* Products */,
			);
			sourceTree = "<group>";
		};
		2C864D2D2DAD5D6E00BA70BE /* Products */ = {
			isa = PBXGroup;
			children = (
				2C864D2C2DAD5D6E00BA70BE /* VirtualController.app */,
				2C864D492DAD5E4400BA70BE /* virtualcontrollerctl */,
				2C864D542DAD5EE700BA70BE /* ControllerApp.app */,
				2C864D742DAD5F4400BA70BE /* virtualcontrolleragent.bundle */,
				2C864D7D2DAD64B000BA70BE /* com.sillyutility.VirtualController.VirtualControllerDriver.dext */,
			);
			name = Products;
			sourceTree = "<group>";
		};
		2C864D7E2DAD64B000BA70BE /* Frameworks */ = {
			isa = PBXGroup;
			children = (
				2C76B6DE2DC8501200BB6B7F /* MultipeerConnectivity.framework */,
				2C76B6E82DC89A4800BB6B7F /* MultipeerConnectivity.framework */,
				2C76B6D92DC3D21D00BB6B7F /* GameController.framework */,
				2C73B8932DB3A31B0072F7FB /* HIDDriverKit.framework */,
				2C864D7F2DAD64B000BA70BE /* DriverKit.framework */,
			);
			name = Frameworks;
			sourceTree = "<group>";
		};
/* End PBXGroup section */

/* Begin PBXHeadersBuildPhase section */
		2C864D782DAD64B000BA70BE /* Headers */ = {
			isa = PBXHeadersBuildPhase;
			buildActionMask = 2147483647;
			files = (
			);
			runOnlyForDeploymentPostprocessing = 0;
		};
/* End PBXHeadersBuildPhase section */

/* Begin PBXNativeTarget section */
		2C864D2B2DAD5D6E00BA70BE /* VirtualController_macOS */ = {
			isa = PBXNativeTarget;
			buildConfigurationList = 2C864D402DAD5D6E00BA70BE /* Build configuration list for PBXNativeTarget "VirtualController_macOS" */;
			buildPhases = (
				2C864D282DAD5D6E00BA70BE /* Sources */,
				2C864D292DAD5D6E00BA70BE /* Frameworks */,
				2C864D2A2DAD5D6E00BA70BE /* Resources */,
				2C864D8E2DAD64B000BA70BE /* Embed System Extensions */,
			);
			buildRules = (
			);
			dependencies = (
				2C864D882DAD64B000BA70BE /* PBXTargetDependency */,
			);
			fileSystemSynchronizedGroups = (
				2C864D2E2DAD5D6E00BA70BE /* VirtualController_macOS */,
			);
			name = VirtualController_macOS;
			packageProductDependencies = (
			);
			productName = VirtualController_macOS;
			productReference = 2C864D2C2DAD5D6E00BA70BE /* VirtualController.app */;
			productType = "com.apple.product-type.application";
		};
		2C864D482DAD5E4400BA70BE /* virtualcontrollerctl */ = {
			isa = PBXNativeTarget;
			buildConfigurationList = 2C864D4D2DAD5E4400BA70BE /* Build configuration list for PBXNativeTarget "virtualcontrollerctl" */;
			buildPhases = (
				2C864D452DAD5E4400BA70BE /* Sources */,
				2C864D462DAD5E4400BA70BE /* Frameworks */,
				2C864D472DAD5E4400BA70BE /* CopyFiles */,
			);
			buildRules = (
			);
			dependencies = (
			);
			fileSystemSynchronizedGroups = (
				2C864D4A2DAD5E4400BA70BE /* virtualcontrollerctl */,
			);
			name = virtualcontrollerctl;
			packageProductDependencies = (
			);
			productName = virtualcontrollerctl;
			productReference = 2C864D492DAD5E4400BA70BE /* virtualcontrollerctl */;
			productType = "com.apple.product-type.tool";
		};
		2C864D532DAD5EE700BA70BE /* ControllerApp */ = {
			isa = PBXNativeTarget;
			buildConfigurationList = 2C864D6D2DAD5EE900BA70BE /* Build configuration list for PBXNativeTarget "ControllerApp" */;
			buildPhases = (
				2C864D502DAD5EE700BA70BE /* Sources */,
				2C864D512DAD5EE700BA70BE /* Frameworks */,
				2C864D522DAD5EE700BA70BE /* Resources */,
			);
			buildRules = (
			);
			dependencies = (
			);
			fileSystemSynchronizedGroups = (
				2C864D552DAD5EE700BA70BE /* ControllerApp */,
			);
			name = ControllerApp;
			packageProductDependencies = (
			);
			productName = ControllerApp;
			productReference = 2C864D542DAD5EE700BA70BE /* ControllerApp.app */;
			productType = "com.apple.product-type.application";
		};
		2C864D732DAD5F4400BA70BE /* virtualcontrolleragent */ = {
			isa = PBXNativeTarget;
			buildConfigurationList = 2C864D752DAD5F4400BA70BE /* Build configuration list for PBXNativeTarget "virtualcontrolleragent" */;
			buildPhases = (
				2C864D702DAD5F4400BA70BE /* Sources */,
				2C864D712DAD5F4400BA70BE /* Frameworks */,
				2C864D722DAD5F4400BA70BE /* Resources */,
			);
			buildRules = (
			);
			dependencies = (
			);
			name = virtualcontrolleragent;
			packageProductDependencies = (
			);
			productName = virtualcontrolleragent;
			productReference = 2C864D742DAD5F4400BA70BE /* virtualcontrolleragent.bundle */;
			productType = "com.apple.product-type.bundle";
		};
		2C864D7C2DAD64B000BA70BE /* VirtualControllerDriver */ = {
			isa = PBXNativeTarget;
			buildConfigurationList = 2C864D8A2DAD64B000BA70BE /* Build configuration list for PBXNativeTarget "VirtualControllerDriver" */;
			buildPhases = (
				2C864D782DAD64B000BA70BE /* Headers */,
				2C864D792DAD64B000BA70BE /* Sources */,
				2C864D7A2DAD64B000BA70BE /* Frameworks */,
				2C864D7B2DAD64B000BA70BE /* Resources */,
			);
			buildRules = (
			);
			dependencies = (
			);
			fileSystemSynchronizedGroups = (
				2C864D812DAD64B000BA70BE /* VirtualControllerDriver */,
			);
			name = VirtualControllerDriver;
			packageProductDependencies = (
			);
			productName = VirtualControllerDriver;
			productReference = 2C864D7D2DAD64B000BA70BE /* com.sillyutility.VirtualController.VirtualControllerDriver.dext */;
			productType = "com.apple.product-type.driver-extension";
		};
/* End PBXNativeTarget section */

/* Begin PBXProject section */
		2C864D1E2DAD5D6C00BA70BE /* Project object */ = {
			isa = PBXProject;
			attributes = {
				BuildIndependentTargetsInParallel = 1;
				CLASSPREFIX = SLY;
				LastUpgradeCheck = 1620;
				ORGANIZATIONNAME = "Silly Utility";
				TargetAttributes = {
					2C864D2B2DAD5D6E00BA70BE = {
						CreatedOnToolsVersion = 16.2;
						LastSwiftMigration = 1620;
					};
					2C864D482DAD5E4400BA70BE = {
						CreatedOnToolsVersion = 16.2;
					};
					2C864D532DAD5EE700BA70BE = {
						CreatedOnToolsVersion = 16.2;
					};
					2C864D732DAD5F4400BA70BE = {
						CreatedOnToolsVersion = 16.2;
					};
					2C864D7C2DAD64B000BA70BE = {
						CreatedOnToolsVersion = 16.2;
					};
				};
			};
			buildConfigurationList = 2C864D212DAD5D6C00BA70BE /* Build configuration list for PBXProject "VirtualController" */;
			developmentRegion = en;
			hasScannedForEncodings = 0;
			knownRegions = (
				en,
				Base,
			);
			mainGroup = 2C864D1D2DAD5D6C00BA70BE;
			minimizedProjectReferenceProxies = 1;
			preferredProjectObjectVersion = 77;
			productRefGroup = 2C864D2D2DAD5D6E00BA70BE /* Products */;
			projectDirPath = "";
			projectRoot = "";
			targets = (
				2C864D2B2DAD5D6E00BA70BE /* VirtualController_macOS */,
				2C864D482DAD5E4400BA70BE /* virtualcontrollerctl */,
				2C864D532DAD5EE700BA70BE /* ControllerApp */,
				2C864D732DAD5F4400BA70BE /* virtualcontrolleragent */,
				2C864D7C2DAD64B000BA70BE /* VirtualControllerDriver */,
			);
		};
/* End PBXProject section */

/* Begin PBXResourcesBuildPhase section */
		2C864D2A2DAD5D6E00BA70BE /* Resources */ = {
			isa = PBXResourcesBuildPhase;
			buildActionMask = 2147483647;
			files = (
			);
			runOnlyForDeploymentPostprocessing = 0;
		};
		2C864D522DAD5EE700BA70BE /* Resources */ = {
			isa = PBXResourcesBuildPhase;
			buildActionMask = 2147483647;
			files = (
			);
			runOnlyForDeploymentPostprocessing = 0;
		};
		2C864D722DAD5F4400BA70BE /* Resources */ = {
			isa = PBXResourcesBuildPhase;
			buildActionMask = 2147483647;
			files = (
			);
			runOnlyForDeploymentPostprocessing = 0;
		};
		2C864D7B2DAD64B000BA70BE /* Resources */ = {
			isa = PBXResourcesBuildPhase;
			buildActionMask = 2147483647;
			files = (
			);
			runOnlyForDeploymentPostprocessing = 0;
		};
/* End PBXResourcesBuildPhase section */

/* Begin PBXSourcesBuildPhase section */
		2C864D282DAD5D6E00BA70BE /* Sources */ = {
			isa = PBXSourcesBuildPhase;
			buildActionMask = 2147483647;
			files = (
			);
			runOnlyForDeploymentPostprocessing = 0;
		};
		2C864D452DAD5E4400BA70BE /* Sources */ = {
			isa = PBXSourcesBuildPhase;
			buildActionMask = 2147483647;
			files = (
			);
			runOnlyForDeploymentPostprocessing = 0;
		};
		2C864D502DAD5EE700BA70BE /* Sources */ = {
			isa = PBXSourcesBuildPhase;
			buildActionMask = 2147483647;
			files = (
			);
			runOnlyForDeploymentPostprocessing = 0;
		};
		2C864D702DAD5F4400BA70BE /* Sources */ = {
			isa = PBXSourcesBuildPhase;
			buildActionMask = 2147483647;
			files = (
			);
			runOnlyForDeploymentPostprocessing = 0;
		};
		2C864D792DAD64B000BA70BE /* Sources */ = {
			isa = PBXSourcesBuildPhase;
			buildActionMask = 2147483647;
			files = (
			);
			runOnlyForDeploymentPostprocessing = 0;
		};
/* End PBXSourcesBuildPhase section */

/* Begin PBXTargetDependency section */
		2C864D882DAD64B000BA70BE /* PBXTargetDependency */ = {
			isa = PBXTargetDependency;
			target = 2C864D7C2DAD64B000BA70BE /* VirtualControllerDriver */;
			targetProxy = 2C864D872DAD64B000BA70BE /* PBXContainerItemProxy */;
		};
/* End PBXTargetDependency section */

/* Begin XCBuildConfiguration section */
		2C864D412DAD5D6E00BA70BE /* Debug */ = {
			isa = XCBuildConfiguration;
			baseConfigurationReferenceAnchor = 2C7620892DAE9D1C002FD60E /* Configs */;
			baseConfigurationReferenceRelativePath = VirtualController_macOS.xcconfig;
			buildSettings = {
				ASSETCATALOG_COMPILER_APPICON_NAME = AppIcon;
				ASSETCATALOG_COMPILER_GLOBAL_ACCENT_COLOR_NAME = AccentColor;
				CLANG_ENABLE_MODULES = YES;
				COMBINE_HIDPI_IMAGES = YES;
				CURRENT_PROJECT_VERSION = 1;
				INFOPLIST_KEY_NSHumanReadableCopyright = "";
				INFOPLIST_KEY_NSMainStoryboardFile = Main;
				INFOPLIST_KEY_NSPrincipalClass = NSApplication;
				LD_RUNPATH_SEARCH_PATHS = (
					"$(inherited)",
					"@executable_path/../Frameworks",
				);
				MACOSX_DEPLOYMENT_TARGET = 14.7;
				MARKETING_VERSION = 1.0;
				PRODUCT_NAME = VirtualController;
				SDKROOT = macosx;
				SWIFT_EMIT_LOC_STRINGS = YES;
				SWIFT_OBJC_BRIDGING_HEADER = "VirtualController_macOS/VirtualController_macOS-Bridging-Header.h";
				SWIFT_OPTIMIZATION_LEVEL = "-Onone";
				SWIFT_VERSION = 6.0;
			};
			name = Debug;
		};
		2C864D422DAD5D6E00BA70BE /* Release */ = {
			isa = XCBuildConfiguration;
			buildSettings = {
				ASSETCATALOG_COMPILER_APPICON_NAME = AppIcon;
				ASSETCATALOG_COMPILER_GLOBAL_ACCENT_COLOR_NAME = AccentColor;
				CLANG_ENABLE_MODULES = YES;
				COMBINE_HIDPI_IMAGES = YES;
				CURRENT_PROJECT_VERSION = 1;
				INFOPLIST_KEY_NSHumanReadableCopyright = "";
				INFOPLIST_KEY_NSMainStoryboardFile = Main;
				INFOPLIST_KEY_NSPrincipalClass = NSApplication;
				LD_RUNPATH_SEARCH_PATHS = (
					"$(inherited)",
					"@executable_path/../Frameworks",
				);
				MACOSX_DEPLOYMENT_TARGET = 14.7;
				MARKETING_VERSION = 1.0;
				PRODUCT_NAME = VirtualController;
				SDKROOT = macosx;
				SWIFT_EMIT_LOC_STRINGS = YES;
				SWIFT_OBJC_BRIDGING_HEADER = "VirtualController_macOS/VirtualController_macOS-Bridging-Header.h";
				SWIFT_VERSION = 6.0;
			};
			name = Release;
		};
		2C864D432DAD5D6E00BA70BE /* Debug */ = {
			isa = XCBuildConfiguration;
			baseConfigurationReferenceAnchor = 2C7620892DAE9D1C002FD60E /* Configs */;
			baseConfigurationReferenceRelativePath = VirtualController.xcconfig;
			buildSettings = {
				ALWAYS_SEARCH_USER_PATHS = NO;
				ASSETCATALOG_COMPILER_GENERATE_SWIFT_ASSET_SYMBOL_EXTENSIONS = YES;
				CLANG_ANALYZER_NONNULL = YES;
				CLANG_ANALYZER_NUMBER_OBJECT_CONVERSION = YES_AGGRESSIVE;
				CLANG_CXX_LANGUAGE_STANDARD = "gnu++20";
				CLANG_ENABLE_MODULES = YES;
				CLANG_ENABLE_OBJC_ARC = YES;
				CLANG_ENABLE_OBJC_WEAK = YES;
				CLANG_WARN_BLOCK_CAPTURE_AUTORELEASING = YES;
				CLANG_WARN_BOOL_CONVERSION = YES;
				CLANG_WARN_COMMA = YES;
				CLANG_WARN_CONSTANT_CONVERSION = YES;
				CLANG_WARN_DEPRECATED_OBJC_IMPLEMENTATIONS = YES;
				CLANG_WARN_DIRECT_OBJC_ISA_USAGE = YES_ERROR;
				CLANG_WARN_DOCUMENTATION_COMMENTS = YES;
				CLANG_WARN_EMPTY_BODY = YES;
				CLANG_WARN_ENUM_CONVERSION = YES;
				CLANG_WARN_INFINITE_RECURSION = YES;
				CLANG_WARN_INT_CONVERSION = YES;
				CLANG_WARN_NON_LITERAL_NULL_CONVERSION = YES;
				CLANG_WARN_OBJC_IMPLICIT_RETAIN_SELF = YES;
				CLANG_WARN_OBJC_LITERAL_CONVERSION = YES;
				CLANG_WARN_OBJC_ROOT_CLASS = YES_ERROR;
				CLANG_WARN_QUOTED_INCLUDE_IN_FRAMEWORK_HEADER = YES;
				CLANG_WARN_RANGE_LOOP_ANALYSIS = YES;
				CLANG_WARN_STRICT_PROTOTYPES = YES;
				CLANG_WARN_SUSPICIOUS_MOVE = YES;
				CLANG_WARN_UNGUARDED_AVAILABILITY = YES_AGGRESSIVE;
				CLANG_WARN_UNREACHABLE_CODE = YES;
				CLANG_WARN__DUPLICATE_METHOD_MATCH = YES;
				COPY_PHASE_STRIP = NO;
				DEBUG_INFORMATION_FORMAT = dwarf;
				ENABLE_STRICT_OBJC_MSGSEND = YES;
				ENABLE_TESTABILITY = YES;
				ENABLE_USER_SCRIPT_SANDBOXING = YES;
				GCC_C_LANGUAGE_STANDARD = gnu17;
				GCC_DYNAMIC_NO_PIC = NO;
				GCC_NO_COMMON_BLOCKS = YES;
				GCC_OPTIMIZATION_LEVEL = 0;
				GCC_PREPROCESSOR_DEFINITIONS = (
					"DEBUG=1",
					"$(inherited)",
				);
				GCC_WARN_64_TO_32_BIT_CONVERSION = YES;
				GCC_WARN_ABOUT_RETURN_TYPE = YES_ERROR;
				GCC_WARN_UNDECLARED_SELECTOR = YES;
				GCC_WARN_UNINITIALIZED_AUTOS = YES_AGGRESSIVE;
				GCC_WARN_UNUSED_FUNCTION = YES;
				GCC_WARN_UNUSED_VARIABLE = YES;
				LOCALIZATION_PREFERS_STRING_CATALOGS = YES;
				MTL_ENABLE_DEBUG_INFO = INCLUDE_SOURCE;
				MTL_FAST_MATH = YES;
				ONLY_ACTIVE_ARCH = YES;
			};
			name = Debug;
		};
		2C864D442DAD5D6E00BA70BE /* Release */ = {
			isa = XCBuildConfiguration;
			buildSettings = {
				ALWAYS_SEARCH_USER_PATHS = NO;
				ASSETCATALOG_COMPILER_GENERATE_SWIFT_ASSET_SYMBOL_EXTENSIONS = YES;
				CLANG_ANALYZER_NONNULL = YES;
				CLANG_ANALYZER_NUMBER_OBJECT_CONVERSION = YES_AGGRESSIVE;
				CLANG_CXX_LANGUAGE_STANDARD = "gnu++20";
				CLANG_ENABLE_MODULES = YES;
				CLANG_ENABLE_OBJC_ARC = YES;
				CLANG_ENABLE_OBJC_WEAK = YES;
				CLANG_WARN_BLOCK_CAPTURE_AUTORELEASING = YES;
				CLANG_WARN_BOOL_CONVERSION = YES;
				CLANG_WARN_COMMA = YES;
				CLANG_WARN_CONSTANT_CONVERSION = YES;
				CLANG_WARN_DEPRECATED_OBJC_IMPLEMENTATIONS = YES;
				CLANG_WARN_DIRECT_OBJC_ISA_USAGE = YES_ERROR;
				CLANG_WARN_DOCUMENTATION_COMMENTS = YES;
				CLANG_WARN_EMPTY_BODY = YES;
				CLANG_WARN_ENUM_CONVERSION = YES;
				CLANG_WARN_INFINITE_RECURSION = YES;
				CLANG_WARN_INT_CONVERSION = YES;
				CLANG_WARN_NON_LITERAL_NULL_CONVERSION = YES;
				CLANG_WARN_OBJC_IMPLICIT_RETAIN_SELF = YES;
				CLANG_WARN_OBJC_LITERAL_CONVERSION = YES;
				CLANG_WARN_OBJC_ROOT_CLASS = YES_ERROR;
				CLANG_WARN_QUOTED_INCLUDE_IN_FRAMEWORK_HEADER = YES;
				CLANG_WARN_RANGE_LOOP_ANALYSIS = YES;
				CLANG_WARN_STRICT_PROTOTYPES = YES;
				CLANG_WARN_SUSPICIOUS_MOVE = YES;
				CLANG_WARN_UNGUARDED_AVAILABILITY = YES_AGGRESSIVE;
				CLANG_WARN_UNREACHABLE_CODE = YES;
				CLANG_WARN__DUPLICATE_METHOD_MATCH = YES;
				COPY_PHASE_STRIP = NO;
				DEBUG_INFORMATION_FORMAT = "dwarf-with-dsym";
				ENABLE_NS_ASSERTIONS = NO;
				ENABLE_STRICT_OBJC_MSGSEND = YES;
				ENABLE_USER_SCRIPT_SANDBOXING = YES;
				GCC_C_LANGUAGE_STANDARD = gnu17;
				GCC_NO_COMMON_BLOCKS = YES;
				GCC_WARN_64_TO_32_BIT_CONVERSION = YES;
				GCC_WARN_ABOUT_RETURN_TYPE = YES_ERROR;
				GCC_WARN_UNDECLARED_SELECTOR = YES;
				GCC_WARN_UNINITIALIZED_AUTOS = YES_AGGRESSIVE;
				GCC_WARN_UNUSED_FUNCTION = YES;
				GCC_WARN_UNUSED_VARIABLE = YES;
				LOCALIZATION_PREFERS_STRING_CATALOGS = YES;
				MTL_ENABLE_DEBUG_INFO = NO;
				MTL_FAST_MATH = YES;
			};
			name = Release;
		};
		2C864D4E2DAD5E4400BA70BE /* Debug */ = {
			isa = XCBuildConfiguration;
			buildSettings = {
				MACOSX_DEPLOYMENT_TARGET = 14.7;
				PRODUCT_NAME = "$(TARGET_NAME)";
				SDKROOT = macosx;
			};
			name = Debug;
		};
		2C864D4F2DAD5E4400BA70BE /* Release */ = {
			isa = XCBuildConfiguration;
			buildSettings = {
				MACOSX_DEPLOYMENT_TARGET = 14.7;
				PRODUCT_NAME = "$(TARGET_NAME)";
				SDKROOT = macosx;
			};
			name = Release;
		};
		2C864D6E2DAD5EE900BA70BE /* Debug */ = {
			isa = XCBuildConfiguration;
			baseConfigurationReferenceAnchor = 2C7620892DAE9D1C002FD60E /* Configs */;
			baseConfigurationReferenceRelativePath = ControllerApp.xcconfig;
			buildSettings = {
				ASSETCATALOG_COMPILER_APPICON_NAME = AppIcon;
				ASSETCATALOG_COMPILER_GLOBAL_ACCENT_COLOR_NAME = AccentColor;
				CURRENT_PROJECT_VERSION = 1;
				GENERATE_INFOPLIST_FILE = YES;
				INFOPLIST_FILE = ControllerApp/Info.plist;
				INFOPLIST_KEY_UIApplicationSupportsIndirectInputEvents = YES;
				INFOPLIST_KEY_UILaunchStoryboardName = LaunchScreen;
				INFOPLIST_KEY_UIMainStoryboardFile = Main;
				INFOPLIST_KEY_UIStatusBarHidden = YES;
				INFOPLIST_KEY_UISupportedInterfaceOrientations_iPad = "UIInterfaceOrientationPortrait UIInterfaceOrientationPortraitUpsideDown UIInterfaceOrientationLandscapeLeft UIInterfaceOrientationLandscapeRight";
				INFOPLIST_KEY_UISupportedInterfaceOrientations_iPhone = "UIInterfaceOrientationPortrait UIInterfaceOrientationLandscapeLeft UIInterfaceOrientationLandscapeRight";
				LD_RUNPATH_SEARCH_PATHS = (
					"$(inherited)",
					"@executable_path/Frameworks",
				);
				MARKETING_VERSION = 1.0;
				PRODUCT_BUNDLE_IDENTIFIER = com.sillyutility.ControllerApp;
				PRODUCT_NAME = "$(TARGET_NAME)";
				SDKROOT = iphoneos;
				SWIFT_EMIT_LOC_STRINGS = YES;
				TARGETED_DEVICE_FAMILY = "1,2";
			};
			name = Debug;
		};
		2C864D6F2DAD5EE900BA70BE /* Release */ = {
			isa = XCBuildConfiguration;
			buildSettings = {
				ASSETCATALOG_COMPILER_APPICON_NAME = AppIcon;
				ASSETCATALOG_COMPILER_GLOBAL_ACCENT_COLOR_NAME = AccentColor;
				CURRENT_PROJECT_VERSION = 1;
				GENERATE_INFOPLIST_FILE = YES;
				INFOPLIST_FILE = ControllerApp/Info.plist;
				INFOPLIST_KEY_UIApplicationSupportsIndirectInputEvents = YES;
				INFOPLIST_KEY_UILaunchStoryboardName = LaunchScreen;
				INFOPLIST_KEY_UIMainStoryboardFile = Main;
				INFOPLIST_KEY_UIStatusBarHidden = YES;
				INFOPLIST_KEY_UISupportedInterfaceOrientations_iPad = "UIInterfaceOrientationPortrait UIInterfaceOrientationPortraitUpsideDown UIInterfaceOrientationLandscapeLeft UIInterfaceOrientationLandscapeRight";
				INFOPLIST_KEY_UISupportedInterfaceOrientations_iPhone = "UIInterfaceOrientationPortrait UIInterfaceOrientationLandscapeLeft UIInterfaceOrientationLandscapeRight";
				LD_RUNPATH_SEARCH_PATHS = (
					"$(inherited)",
					"@executable_path/Frameworks",
				);
				MARKETING_VERSION = 1.0;
				PRODUCT_BUNDLE_IDENTIFIER = com.sillyutility.ControllerApp;
				PRODUCT_NAME = "$(TARGET_NAME)";
				SDKROOT = iphoneos;
				SWIFT_EMIT_LOC_STRINGS = YES;
				TARGETED_DEVICE_FAMILY = "1,2";
				VALIDATE_PRODUCT = YES;
			};
			name = Release;
		};
		2C864D762DAD5F4400BA70BE /* Debug */ = {
			isa = XCBuildConfiguration;
			buildSettings = {
				COMBINE_HIDPI_IMAGES = YES;
				CURRENT_PROJECT_VERSION = 1;
				GENERATE_INFOPLIST_FILE = YES;
				INFOPLIST_KEY_NSHumanReadableCopyright = "Copyright © 2025 Silly Utility. All rights reserved.";
				INFOPLIST_KEY_NSPrincipalClass = "";
				INSTALL_PATH = "$(LOCAL_LIBRARY_DIR)/Bundles";
				MACOSX_DEPLOYMENT_TARGET = 14.7;
				MARKETING_VERSION = 1.0;
				PRODUCT_BUNDLE_IDENTIFIER = com.sillyutility.virtualcontrolleragent;
				PRODUCT_NAME = "$(TARGET_NAME)";
				SDKROOT = macosx;
				SKIP_INSTALL = YES;
				SWIFT_EMIT_LOC_STRINGS = YES;
				WRAPPER_EXTENSION = bundle;
			};
			name = Debug;
		};
		2C864D772DAD5F4400BA70BE /* Release */ = {
			isa = XCBuildConfiguration;
			buildSettings = {
				COMBINE_HIDPI_IMAGES = YES;
				CURRENT_PROJECT_VERSION = 1;
				GENERATE_INFOPLIST_FILE = YES;
				INFOPLIST_KEY_NSHumanReadableCopyright = "Copyright © 2025 Silly Utility. All rights reserved.";
				INFOPLIST_KEY_NSPrincipalClass = "";
				INSTALL_PATH = "$(LOCAL_LIBRARY_DIR)/Bundles";
				MACOSX_DEPLOYMENT_TARGET = 14.7;
				MARKETING_VERSION = 1.0;
				PRODUCT_BUNDLE_IDENTIFIER = com.sillyutility.virtualcontrolleragent;
				PRODUCT_NAME = "$(TARGET_NAME)";
				SDKROOT = macosx;
				SKIP_INSTALL = YES;
				SWIFT_EMIT_LOC_STRINGS = YES;
				WRAPPER_EXTENSION = bundle;
			};
			name = Release;
		};
		2C864D8B2DAD64B000BA70BE /* Debug */ = {
			isa = XCBuildConfiguration;
			baseConfigurationReferenceAnchor = 2C7620892DAE9D1C002FD60E /* Configs */;
			baseConfigurationReferenceRelativePath = VirtualControllerDriver.xcconfig;
			buildSettings = {
				CURRENT_PROJECT_VERSION = 1;
				FRAMEWORK_SEARCH_PATHS = (
					"$(inherited)",
					"$(SDKROOT)/System/DriverKit/System/Library/Frameworks",
				);
				GENERATE_INFOPLIST_FILE = YES;
				INFOPLIST_FILE = VirtualControllerDriver/Info.plist;
				MARKETING_VERSION = 1.0;
				PRODUCT_NAME = "$(inherited)";
				RUN_CLANG_STATIC_ANALYZER = YES;
				SDKROOT = driverkit;
				SKIP_INSTALL = YES;
				SWIFT_EMIT_LOC_STRINGS = YES;
			};
			name = Debug;
		};
		2C864D8C2DAD64B000BA70BE /* Release */ = {
			isa = XCBuildConfiguration;
			buildSettings = {
				CURRENT_PROJECT_VERSION = 1;
				FRAMEWORK_SEARCH_PATHS = (
					"$(inherited)",
					"$(SDKROOT)/System/DriverKit/System/Library/Frameworks",
				);
				GENERATE_INFOPLIST_FILE = YES;
				INFOPLIST_FILE = VirtualControllerDriver/Info.plist;
				MARKETING_VERSION = 1.0;
				PRODUCT_NAME = "$(inherited)";
				RUN_CLANG_STATIC_ANALYZER = YES;
				SDKROOT = driverkit;
				SKIP_INSTALL = YES;
				SWIFT_EMIT_LOC_STRINGS = YES;
			};
			name = Release;
		};
/* End XCBuildConfiguration section */

/* Begin XCConfigurationList section */
		2C864D212DAD5D6C00BA70BE /* Build configuration list for PBXProject "VirtualController" */ = {
			isa = XCConfigurationList;
			buildConfigurations = (
				2C864D432DAD5D6E00BA70BE /* Debug */,
				2C864D442DAD5D6E00BA70BE /* Release */,
			);
			defaultConfigurationIsVisible = 0;
			defaultConfigurationName = Release;
		};
		2C864D402DAD5D6E00BA70BE /* Build configuration list for PBXNativeTarget "VirtualController_macOS" */ = {
			isa = XCConfigurationList;
			buildConfigurations = (
				2C864D412DAD5D6E00BA70BE /* Debug */,
				2C864D422DAD5D6E00BA70BE /* Release */,
			);
			defaultConfigurationIsVisible = 0;
			defaultConfigurationName = Release;
		};
		2C864D4D2DAD5E4400BA70BE /* Build configuration list for PBXNativeTarget "virtualcontrollerctl" */ = {
			isa = XCConfigurationList;
			buildConfigurations = (
				2C864D4E2DAD5E4400BA70BE /* Debug */,
				2C864D4F2DAD5E4400BA70BE /* Release */,
			);
			defaultConfigurationIsVisible = 0;
			defaultConfigurationName = Release;
		};
		2C864D6D2DAD5EE900BA70BE /* Build configuration list for PBXNativeTarget "ControllerApp" */ = {
			isa = XCConfigurationList;
			buildConfigurations = (
				2C864D6E2DAD5EE900BA70BE /* Debug */,
				2C864D6F2DAD5EE900BA70BE /* Release */,
			);
			defaultConfigurationIsVisible = 0;
			defaultConfigurationName = Release;
		};
		2C864D752DAD5F4400BA70BE /* Build configuration list for PBXNativeTarget "virtualcontrolleragent" */ = {
			isa = XCConfigurationList;
			buildConfigurations = (
				2C864D762DAD5F4400BA70BE /* Debug */,
				2C864D772DAD5F4400BA70BE /* Release */,
			);
			defaultConfigurationIsVisible = 0;
			defaultConfigurationName = Release;
		};
		2C864D8A2DAD64B000BA70BE /* Build configuration list for PBXNativeTarget "VirtualControllerDriver" */ = {
			isa = XCConfigurationList;
			buildConfigurations = (
				2C864D8B2DAD64B000BA70BE /* Debug */,
				2C864D8C2DAD64B000BA70BE /* Release */,
			);
			defaultConfigurationIsVisible = 0;
			defaultConfigurationName = Release;
		};
/* End XCConfigurationList section */
	};
	rootObject = 2C864D1E2DAD5D6C00BA70BE /* Project object */;
}
